
Microsoft Visual Studio Solution File, Format Version 12.00
# Visual Studio Version 17
VisualStudioVersion = 17.14.36121.58 d17.14
MinimumVisualStudioVersion = 10.0.40219.1
Project("{FAE04EC0-301F-11D3-BF4B-00C04F79EFBC}") = "NativeAotDumper", "NativeAotDumper\NativeAotDumper.csproj", "{4C25DB01-DAFB-4AA4-9B5A-29800CB280A5}"
EndProject
Project("{FAE04EC0-301F-11D3-BF4B-00C04F79EFBC}") = "NativeAotDumper.Core", "NativeAotDumper.Core\NativeAotDumper.Core.csproj", "{2FD57692-CDCD-456C-AEA4-873D33CB0044}"
EndProject
Project("{2150E333-8FDC-42A3-9474-1A3956D46DE8}") = "Solution Items", "Solution Items", "{36D591C7-65C7-A0D1-1CBC-10CDE441BDC8}"
	ProjectSection(SolutionItems) = preProject
		.editorconfig = .editorconfig
	EndProjectSection
EndProject
Global
	GlobalSection(SolutionConfigurationPlatforms) = preSolution
		Debug|Any CPU = Debug|Any CPU
		Release|Any CPU = Release|Any CPU
	EndGlobalSection
	GlobalSection(ProjectConfigurationPlatforms) = postSolution
		{4C25DB01-DAFB-4AA4-9B5A-29800CB280A5}.Debug|Any CPU.ActiveCfg = Debug|Any CPU
		{4C25DB01-DAFB-4AA4-9B5A-29800CB280A5}.Debug|Any CPU.Build.0 = Debug|Any CPU
		{4C25DB01-DAFB-4AA4-9B5A-29800CB280A5}.Release|Any CPU.ActiveCfg = Release|Any CPU
		{4C25DB01-DAFB-4AA4-9B5A-29800CB280A5}.Release|Any CPU.Build.0 = Release|Any CPU
		{2FD57692-CDCD-456C-AEA4-873D33CB0044}.Debug|Any CPU.ActiveCfg = Debug|Any CPU
		{2FD57692-CDCD-456C-AEA4-873D33CB0044}.Debug|Any CPU.Build.0 = Debug|Any CPU
		{2FD57692-CDCD-456C-AEA4-873D33CB0044}.Release|Any CPU.ActiveCfg = Release|Any CPU
		{2FD57692-CDCD-456C-AEA4-873D33CB0044}.Release|Any CPU.Build.0 = Release|Any CPU
	EndGlobalSection
	GlobalSection(SolutionProperties) = preSolution
		HideSolutionNode = FALSE
	EndGlobalSection
	GlobalSection(ExtensibilityGlobals) = postSolution
		SolutionGuid = {1A2DEE77-F2E4-49EC-98EC-5355F915B7DF}
	EndGlobalSection
EndGlobal
